dependencies:
- name: elasticsearch
  repository: https://helm.elastic.co
  version: 8.5.1
- name: kibana
  repository: https://helm.elastic.co
  version: 8.5.1
- name: filebeat
  repository: https://helm.elastic.co
  version: 8.5.1
digest: sha256:5b76c60e67cdbddaab372ccf82940aa69461b51ef851dbf2440c6876b860c013
generated: "2026-02-10T10:59:11.257173248Z"
